// !$*UTF8*$!
{
	archiveVersion = 1;
	classes = {
	};
	objectVersion = 55;
	objects = {

/* Begin PBXBuildFile section */
		EA2C7AE82BD15A6C00025DF9 /* RegistroUsuarioApp.swift in Sources */ = {isa = PBXBuildFile; fileRef = EA2C7AE72BD15A6C00025DF9 /* RegistroUsuarioApp.swift */; };
		EA2C7AEA2BD15A6C00025DF9 /* ContentView.swift in Sources */ = {isa = PBXBuildFile; fileRef = EA2C7AE92BD15A6C00025DF9 /* ContentView.swift */; };
		EA2C7AEC2BD15A7000025DF9 /* Assets.xcassets in Resources */ = {isa = PBXBuildFile; fileRef = EA2C7AEB2BD15A7000025DF9 /* Assets.xcassets */; };
		EA2C7AEF2BD15A7000025DF9 /* Preview Assets.xcassets in Resources */ = {isa = PBXBuildFile; fileRef = EA2C7AEE2BD15A7000025DF9 /* Preview Assets.xcassets */; };
		EA2C7AF92BD15A7100025DF9 /* RegistroUsuarioTests.swift in Sources */ = {isa = PBXBuildFile; fileRef = EA2C7AF82BD15A7100025DF9 /* RegistroUsuarioTests.swift */; };
		EA2C7B032BD15A7100025DF9 /* RegistroUsuarioUITests.swift in Sources */ = {isa = PBXBuildFile; fileRef = EA2C7B022BD15A7100025DF9 /* RegistroUsuarioUITests.swift */; };
		EA2C7B052BD15A7100025DF9 /* RegistroUsuarioUITestsLaunchTests.swift in Sources */ = {isa = PBXBuildFile; fileRef = EA2C7B042BD15A7100025DF9 /* RegistroUsuarioUITestsLaunchTests.swift */; };
		EA2C7B122BD15B9A00025DF9 /* RegistroView.swift in Sources */ = {isa = PBXBuildFile; fileRef = EA2C7B112BD15B9A00025DF9 /* RegistroView.swift */; };
		EA2C7B142BD15BF400025DF9 /* ModeloUsuario.swift in Sources */ = {isa = PBXBuildFile; fileRef = EA2C7B132BD15BF400025DF9 /* ModeloUsuario.swift */; };
		EA2C7B162BD15C2700025DF9 /* RegistroViewModel.swift in Sources */ = {isa = PBXBuildFile; fileRef = EA2C7B152BD15C2700025DF9 /* RegistroViewModel.swift */; };
/* End PBXBuildFile section */

/* Begin PBXContainerItemProxy section */
		EA2C7AF52BD15A7100025DF9 /* PBXContainerItemProxy */ = {
			isa = PBXContainerItemProxy;
			containerPortal = EA2C7ADC2BD15A6B00025DF9 /* Project object */;
			proxyType = 1;
			remoteGlobalIDString = EA2C7AE32BD15A6C00025DF9;
			remoteInfo = RegistroUsuario;
		};
		EA2C7AFF2BD15A7100025DF9 /* PBXContainerItemProxy */ = {
			isa = PBXContainerItemProxy;
			containerPortal = EA2C7ADC2BD15A6B00025DF9 /* Project object */;
			proxyType = 1;
			remoteGlobalIDString = EA2C7AE32BD15A6C00025DF9;
			remoteInfo = RegistroUsuario;
		};
/* End PBXContainerItemProxy section */

/* Begin PBXFileReference section */
		EA2C7AE42BD15A6C00025DF9 /* RegistroUsuario.app */ = {isa = PBXFileReference; explicitFileType = wrapper.application; includeInIndex = 0; path = RegistroUsuario.app; sourceTree = BUILT_PRODUCTS_DIR; };
		EA2C7AE72BD15A6C00025DF9 /* RegistroUsuarioApp.swift */ = {isa = PBXFileReference; lastKnownFileType = sourcecode.swift; path = RegistroUsuarioApp.swift; sourceTree = "<group>"; };
		EA2C7AE92BD15A6C00025DF9 /* ContentView.swift */ = {isa = PBXFileReference; lastKnownFileType = sourcecode.swift; path = ContentView.swift; sourceTree = "<group>"; };
		EA2C7AEB2BD15A7000025DF9 /* Assets.xcassets */ = {isa = PBXFileReference; lastKnownFileType = folder.assetcatalog; path = Assets.xcassets; sourceTree = "<group>"; };
		EA2C7AEE2BD15A7000025DF9 /* Preview Assets.xcassets */ = {isa = PBXFileReference; lastKnownFileType = folder.assetcatalog; path = "Preview Assets.xcassets"; sourceTree = "<group>"; };
		EA2C7AF42BD15A7100025DF9 /* RegistroUsuarioTests.xctest */ = {isa = PBXFileReference; explicitFileType = wrapper.cfbundle; includeInIndex = 0; path = RegistroUsuarioTests.xctest; sourceTree = BUILT_PRODUCTS_DIR; };
		EA2C7AF82BD15A7100025DF9 /* RegistroUsuarioTests.swift */ = {isa = PBXFileReference; lastKnownFileType = sourcecode.swift; path = RegistroUsuarioTests.swift; sourceTree = "<group>"; };
		EA2C7AFE2BD15A7100025DF9 /* RegistroUsuarioUITests.xctest */ = {isa = PBXFileReference; explicitFileType = wrapper.cfbundle; includeInIndex = 0; path = RegistroUsuarioUITests.xctest; sourceTree = BUILT_PRODUCTS_DIR; };
		EA2C7B022BD15A7100025DF9 /* RegistroUsuarioUITests.swift */ = {isa = PBXFileReference; lastKnownFileType = sourcecode.swift; path = RegistroUsuarioUITests.swift; sourceTree = "<group>"; };
		EA2C7B042BD15A7100025DF9 /* RegistroUsuarioUITestsLaunchTests.swift */ = {isa = PBXFileReference; lastKnownFileType = sourcecode.swift; path = RegistroUsuarioUITestsLaunchTests.swift; sourceTree = "<group>"; };
		EA2C7B112BD15B9A00025DF9 /* RegistroView.swift */ = {isa = PBXFileReference; lastKnownFileType = sourcecode.swift; path = RegistroView.swift; sourceTree = "<group>"; };
		EA2C7B132BD15BF400025DF9 /* ModeloUsuario.swift */ = {isa = PBXFileReference; lastKnownFileType = sourcecode.swift; path = ModeloUsuario.swift; sourceTree = "<group>"; };
		EA2C7B152BD15C2700025DF9 /* RegistroViewModel.swift */ = {isa = PBXFileReference; lastKnownFileType = sourcecode.swift; path = RegistroViewModel.swift; sourceTree = "<group>"; };
/* End PBXFileReference section */

/* Begin PBXFrameworksBuildPhase section */
		EA2C7AE12BD15A6C00025DF9 /* Frameworks */ = {
			isa = PBXFrameworksBuildPhase;
			buildActionMask = 2147483647;
			files = (
			);
			runOnlyForDeploymentPostprocessing = 0;
		};
		EA2C7AF12BD15A7100025DF9 /* Frameworks */ = {
			isa = PBXFrameworksBuildPhase;
			buildActionMask = 2147483647;
			files = (
			);
			runOnlyForDeploymentPostprocessing = 0;
		};
		EA2C7AFB2BD15A7100025DF9 /* Frameworks */ = {
			isa = PBXFrameworksBuildPhase;
			buildActionMask = 2147483647;
			files = (
			);
			runOnlyForDeploymentPostprocessing = 0;
		};
/* End PBXFrameworksBuildPhase section */

/* Begin PBXGroup section */
		EA2C7ADB2BD15A6B00025DF9 = {
			isa = PBXGroup;
			children = (
				EA2C7AE62BD15A6C00025DF9 /* RegistroUsuario */,
				EA2C7AF72BD15A7100025DF9 /* RegistroUsuarioTests */,
				EA2C7B012BD15A7100025DF9 /* RegistroUsuarioUITests */,
				EA2C7AE52BD15A6C00025DF9 /* Products */,
			);
			sourceTree = "<group>";
		};
		EA2C7AE52BD15A6C00025DF9 /* Products */ = {
			isa = PBXGroup;
			children = (
				EA2C7AE42BD15A6C00025DF9 /* RegistroUsuario.app */,
				EA2C7AF42BD15A7100025DF9 /* RegistroUsuarioTests.xctest */,
				EA2C7AFE2BD15A7100025DF9 /* RegistroUsuarioUITests.xctest */,
			);
			name = Products;
			sourceTree = "<group>";
		};
		EA2C7AE62BD15A6C00025DF9 /* RegistroUsuario */ = {
			isa = PBXGroup;
			children = (
				EA2C7AE72BD15A6C00025DF9 /* RegistroUsuarioApp.swift */,
				EA2C7AE92BD15A6C00025DF9 /* ContentView.swift */,
				EA2C7AEB2BD15A7000025DF9 /* Assets.xcassets */,
				EA2C7AED2BD15A7000025DF9 /* Preview Content */,
				EA2C7B112BD15B9A00025DF9 /* RegistroView.swift */,
				EA2C7B132BD15BF400025DF9 /* ModeloUsuario.swift */,
				EA2C7B152BD15C2700025DF9 /* RegistroViewModel.swift */,
			);
			path = RegistroUsuario;
			sourceTree = "<group>";
		};
		EA2C7AED2BD15A7000025DF9 /* Preview Content */ = {
			isa = PBXGroup;
			children = (
				EA2C7AEE2BD15A7000025DF9 /* Preview Assets.xcassets */,
			);
			path = "Preview Content";
			sourceTree = "<group>";
		};
		EA2C7AF72BD15A7100025DF9 /* RegistroUsuarioTests */ = {
			isa = PBXGroup;
			children = (
				EA2C7AF82BD15A7100025DF9 /* RegistroUsuarioTests.swift */,
			);
			path = RegistroUsuarioTests;
			sourceTree = "<group>";
		};
		EA2C7B012BD15A7100025DF9 /* RegistroUsuarioUITests */ = {
			isa = PBXGroup;
			children = (
				EA2C7B022BD15A7100025DF9 /* RegistroUsuarioUITests.swift */,
				EA2C7B042BD15A7100025DF9 /* RegistroUsuarioUITestsLaunchTests.swift */,
			);
			path = RegistroUsuarioUITests;
			sourceTree = "<group>";
		};
/* End PBXGroup section */

/* Begin PBXNativeTarget section */
		EA2C7AE32BD15A6C00025DF9 /* RegistroUsuario */ = {
			isa = PBXNativeTarget;
			buildConfigurationList = EA2C7B082BD15A7100025DF9 /* Build configuration list for PBXNativeTarget "RegistroUsuario" */;
			buildPhases = (
				EA2C7AE02BD15A6C00025DF9 /* Sources */,
				EA2C7AE12BD15A6C00025DF9 /* Frameworks */,
				EA2C7AE22BD15A6C00025DF9 /* Resources */,
			);
			buildRules = (
			);
			dependencies = (
			);
			name = RegistroUsuario;
			productName = RegistroUsuario;
			productReference = EA2C7AE42BD15A6C00025DF9 /* RegistroUsuario.app */;
			productType = "com.apple.product-type.application";
		};
		EA2C7AF32BD15A7100025DF9 /* RegistroUsuarioTests */ = {
			isa = PBXNativeTarget;
			buildConfigurationList = EA2C7B0B2BD15A7100025DF9 /* Build configuration list for PBXNativeTarget "RegistroUsuarioTests" */;
			buildPhases = (
				EA2C7AF02BD15A7100025DF9 /* Sources */,
				EA2C7AF12BD15A7100025DF9 /* Frameworks */,
				EA2C7AF22BD15A7100025DF9 /* Resources */,
			);
			buildRules = (
			);
			dependencies = (
				EA2C7AF62BD15A7100025DF9 /* PBXTargetDependency */,
			);
			name = RegistroUsuarioTests;
			productName = RegistroUsuarioTests;
			productReference = EA2C7AF42BD15A7100025DF9 /* RegistroUsuarioTests.xctest */;
			productType = "com.apple.product-type.bundle.unit-test";
		};
		EA2C7AFD2BD15A7100025DF9 /* RegistroUsuarioUITests */ = {
			isa = PBXNativeTarget;
			buildConfigurationList = EA2C7B0E2BD15A7100025DF9 /* Build configuration list for PBXNativeTarget "RegistroUsuarioUITests" */;
			buildPhases = (
				EA2C7AFA2BD15A7100025DF9 /* Sources */,
				EA2C7AFB2BD15A7100025DF9 /* Frameworks */,
				EA2C7AFC2BD15A7100025DF9 /* Resources */,
			);
			buildRules = (
			);
			dependencies = (
				EA2C7B002BD15A7100025DF9 /* PBXTargetDependency */,
			);
			name = RegistroUsuarioUITests;
			productName = RegistroUsuarioUITests;
			productReference = EA2C7AFE2BD15A7100025DF9 /* RegistroUsuarioUITests.xctest */;
			productType = "com.apple.product-type.bundle.ui-testing";
		};
/* End PBXNativeTarget section */

/* Begin PBXProject section */
		EA2C7ADC2BD15A6B00025DF9 /* Project object */ = {
			isa = PBXProject;
			attributes = {
				BuildIndependentTargetsInParallel = 1;
				LastSwiftUpdateCheck = 1340;
				LastUpgradeCheck = 1340;
				TargetAttributes = {
					EA2C7AE32BD15A6C00025DF9 = {
						CreatedOnToolsVersion = 13.4;
					};
					EA2C7AF32BD15A7100025DF9 = {
						CreatedOnToolsVersion = 13.4;
						TestTargetID = EA2C7AE32BD15A6C00025DF9;
					};
					EA2C7AFD2BD15A7100025DF9 = {
						CreatedOnToolsVersion = 13.4;
						TestTargetID = EA2C7AE32BD15A6C00025DF9;
					};
				};
			};
			buildConfigurationList = EA2C7ADF2BD15A6B00025DF9 /* Build configuration list for PBXProject "RegistroUsuario" */;
			compatibilityVersion = "Xcode 13.0";
			developmentRegion = en;
			hasScannedForEncodings = 0;
			knownRegions = (
				en,
				Base,
			);
			mainGroup = EA2C7ADB2BD15A6B00025DF9;
			productRefGroup = EA2C7AE52BD15A6C00025DF9 /* Products */;
			projectDirPath = "";
			projectRoot = "";
			targets = (
				EA2C7AE32BD15A6C00025DF9 /* RegistroUsuario */,
				EA2C7AF32BD15A7100025DF9 /* RegistroUsuarioTests */,
				EA2C7AFD2BD15A7100025DF9 /* RegistroUsuarioUITests */,
			);
		};
/* End PBXProject section */

/* Begin PBXResourcesBuildPhase section */
		EA2C7AE22BD15A6C00025DF9 /* Resources */ = {
			isa = PBXResourcesBuildPhase;
			buildActionMask = 2147483647;
			files = (
				EA2C7AEF2BD15A7000025DF9 /* Preview Assets.xcassets in Resources */,
				EA2C7AEC2BD15A7000025DF9 /* Assets.xcassets in Resources */,
			);
			runOnlyForDeploymentPostprocessing = 0;
		};
		EA2C7AF22BD15A7100025DF9 /* Resources */ = {
			isa = PBXResourcesBuildPhase;
			buildActionMask = 2147483647;
			files = (
			);
			runOnlyForDeploymentPostprocessing = 0;
		};
		EA2C7AFC2BD15A7100025DF9 /* Resources */ = {
			isa = PBXResourcesBuildPhase;
			buildActionMask = 2147483647;
			files = (
			);
			runOnlyForDeploymentPostprocessing = 0;
		};
/* End PBXResourcesBuildPhase section */

/* Begin PBXSourcesBuildPhase section */
		EA2C7AE02BD15A6C00025DF9 /* Sources */ = {
			isa = PBXSourcesBuildPhase;
			buildActionMask = 2147483647;
			files = (
				EA2C7B122BD15B9A00025DF9 /* RegistroView.swift in Sources */,
				EA2C7B162BD15C2700025DF9 /* RegistroViewModel.swift in Sources */,
				EA2C7AEA2BD15A6C00025DF9 /* ContentView.swift in Sources */,
				EA2C7B142BD15BF400025DF9 /* ModeloUsuario.swift in Sources */,
				EA2C7AE82BD15A6C00025DF9 /* RegistroUsuarioApp.swift in Sources */,
			);
			runOnlyForDeploymentPostprocessing = 0;
		};
		EA2C7AF02BD15A7100025DF9 /* Sources */ = {
			isa = PBXSourcesBuildPhase;
			buildActionMask = 2147483647;
			files = (
				EA2C7AF92BD15A7100025DF9 /* RegistroUsuarioTests.swift in Sources */,
			);
			runOnlyForDeploymentPostprocessing = 0;
		};
		EA2C7AFA2BD15A7100025DF9 /* Sources */ = {
			isa = PBXSourcesBuildPhase;
			buildActionMask = 2147483647;
			files = (
				EA2C7B052BD15A7100025DF9 /* RegistroUsuarioUITestsLaunchTests.swift in Sources */,
				EA2C7B032BD15A7100025DF9 /* RegistroUsuarioUITests.swift in Sources */,
			);
			runOnlyForDeploymentPostprocessing = 0;
		};
/* End PBXSourcesBuildPhase section */

/* Begin PBXTargetDependency section */
		EA2C7AF62BD15A7100025DF9 /* PBXTargetDependency */ = {
			isa = PBXTargetDependency;
			target = EA2C7AE32BD15A6C00025DF9 /* RegistroUsuario */;
			targetProxy = EA2C7AF52BD15A7100025DF9 /* PBXContainerItemProxy */;
		};
		EA2C7B002BD15A7100025DF9 /* PBXTargetDependency */ = {
			isa = PBXTargetDependency;
			target = EA2C7AE32BD15A6C00025DF9 /* RegistroUsuario */;
			targetProxy = EA2C7AFF2BD15A7100025DF9 /* PBXContainerItemProxy */;
		};
/* End PBXTargetDependency section */

/* Begin XCBuildConfiguration section */
		EA2C7B062BD15A7100025DF9 /* Debug */ = {
			isa = XCBuildConfiguration;
			buildSettings = {
				ALWAYS_SEARCH_USER_PATHS = NO;
				CLANG_ANALYZER_NONNULL = YES;
				CLANG_ANALYZER_NUMBER_OBJECT_CONVERSION = YES_AGGRESSIVE;
				CLANG_CXX_LANGUAGE_STANDARD = "gnu++17";
				CLANG_ENABLE_MODULES = YES;
				CLANG_ENABLE_OBJC_ARC = YES;
				CLANG_ENABLE_OBJC_WEAK = YES;
				CLANG_WARN_BLOCK_CAPTURE_AUTORELEASING = YES;
				CLANG_WARN_BOOL_CONVERSION = YES;
				CLANG_WARN_COMMA = YES;
				CLANG_WARN_CONSTANT_CONVERSION = YES;
				CLANG_WARN_DEPRECATED_OBJC_IMPLEMENTATIONS = YES;
				CLANG_WARN_DIRECT_OBJC_ISA_USAGE = YES_ERROR;
				CLANG_WARN_DOCUMENTATION_COMMENTS = YES;
				CLANG_WARN_EMPTY_BODY = YES;
				CLANG_WARN_ENUM_CONVERSION = YES;
				CLANG_WARN_INFINITE_RECURSION = YES;
				CLANG_WARN_INT_CONVERSION = YES;
				CLANG_WARN_NON_LITERAL_NULL_CONVERSION = YES;
				CLANG_WARN_OBJC_IMPLICIT_RETAIN_SELF = YES;
				CLANG_WARN_OBJC_LITERAL_CONVERSION = YES;
				CLANG_WARN_OBJC_ROOT_CLASS = YES_ERROR;
				CLANG_WARN_QUOTED_INCLUDE_IN_FRAMEWORK_HEADER = YES;
				CLANG_WARN_RANGE_LOOP_ANALYSIS = YES;
				CLANG_WARN_STRICT_PROTOTYPES = YES;
				CLANG_WARN_SUSPICIOUS_MOVE = YES;
				CLANG_WARN_UNGUARDED_AVAILABILITY = YES_AGGRESSIVE;
				CLANG_WARN_UNREACHABLE_CODE = YES;
				CLANG_WARN__DUPLICATE_METHOD_MATCH = YES;
				COPY_PHASE_STRIP = NO;
				DEBUG_INFORMATION_FORMAT = dwarf;
				ENABLE_STRICT_OBJC_MSGSEND = YES;
				ENABLE_TESTABILITY = YES;
				GCC_C_LANGUAGE_STANDARD = gnu11;
				GCC_DYNAMIC_NO_PIC = NO;
				GCC_NO_COMMON_BLOCKS = YES;
				GCC_OPTIMIZATION_LEVEL = 0;
				GCC_PREPROCESSOR_DEFINITIONS = (
					"DEBUG=1",
					"$(inherited)",
				);
				GCC_WARN_64_TO_32_BIT_CONVERSION = YES;
				GCC_WARN_ABOUT_RETURN_TYPE = YES_ERROR;
				GCC_WARN_UNDECLARED_SELECTOR = YES;
				GCC_WARN_UNINITIALIZED_AUTOS = YES_AGGRESSIVE;
				GCC_WARN_UNUSED_FUNCTION = YES;
				GCC_WARN_UNUSED_VARIABLE = YES;
				IPHONEOS_DEPLOYMENT_TARGET = 15.5;
				MTL_ENABLE_DEBUG_INFO = INCLUDE_SOURCE;
				MTL_FAST_MATH = YES;
				ONLY_ACTIVE_ARCH = YES;
				SDKROOT = iphoneos;
				SWIFT_ACTIVE_COMPILATION_CONDITIONS = DEBUG;
				SWIFT_OPTIMIZATION_LEVEL = "-Onone";
			};
			name = Debug;
		};
		EA2C7B072BD15A7100025DF9 /* Release */ = {
			isa = XCBuildConfiguration;
			buildSettings = {
				ALWAYS_SEARCH_USER_PATHS = NO;
				CLANG_ANALYZER_NONNULL = YES;
				CLANG_ANALYZER_NUMBER_OBJECT_CONVERSION = YES_AGGRESSIVE;
				CLANG_CXX_LANGUAGE_STANDARD = "gnu++17";
				CLANG_ENABLE_MODULES = YES;
				CLANG_ENABLE_OBJC_ARC = YES;
				CLANG_ENABLE_OBJC_WEAK = YES;
				CLANG_WARN_BLOCK_CAPTURE_AUTORELEASING = YES;
				CLANG_WARN_BOOL_CONVERSION = YES;
				CLANG_WARN_COMMA = YES;
				CLANG_WARN_CONSTANT_CONVERSION = YES;
				CLANG_WARN_DEPRECATED_OBJC_IMPLEMENTATIONS = YES;
				CLANG_WARN_DIRECT_OBJC_ISA_USAGE = YES_ERROR;
				CLANG_WARN_DOCUMENTATION_COMMENTS = YES;
				CLANG_WARN_EMPTY_BODY = YES;
				CLANG_WARN_ENUM_CONVERSION = YES;
				CLANG_WARN_INFINITE_RECURSION = YES;
				CLANG_WARN_INT_CONVERSION = YES;
				CLANG_WARN_NON_LITERAL_NULL_CONVERSION = YES;
				CLANG_WARN_OBJC_IMPLICIT_RETAIN_SELF = YES;
				CLANG_WARN_OBJC_LITERAL_CONVERSION = YES;
				CLANG_WARN_OBJC_ROOT_CLASS = YES_ERROR;
				CLANG_WARN_QUOTED_INCLUDE_IN_FRAMEWORK_HEADER = YES;
				CLANG_WARN_RANGE_LOOP_ANALYSIS = YES;
				CLANG_WARN_STRICT_PROTOTYPES = YES;
				CLANG_WARN_SUSPICIOUS_MOVE = YES;
				CLANG_WARN_UNGUARDED_AVAILABILITY = YES_AGGRESSIVE;
				CLANG_WARN_UNREACHABLE_CODE = YES;
				CLANG_WARN__DUPLICATE_METHOD_MATCH = YES;
				COPY_PHASE_STRIP = NO;
				DEBUG_INFORMATION_FORMAT = "dwarf-with-dsym";
				ENABLE_NS_ASSERTIONS = NO;
				ENABLE_STRICT_OBJC_MSGSEND = YES;
				GCC_C_LANGUAGE_STANDARD = gnu11;
				GCC_NO_COMMON_BLOCKS = YES;
				GCC_WARN_64_TO_32_BIT_CONVERSION = YES;
				GCC_WARN_ABOUT_RETURN_TYPE = YES_ERROR;
				GCC_WARN_UNDECLARED_SELECTOR = YES;
				GCC_WARN_UNINITIALIZED_AUTOS = YES_AGGRESSIVE;
				GCC_WARN_UNUSED_FUNCTION = YES;
				GCC_WARN_UNUSED_VARIABLE = YES;
				IPHONEOS_DEPLOYMENT_TARGET = 15.5;
				MTL_ENABLE_DEBUG_INFO = NO;
				MTL_FAST_MATH = YES;
				SDKROOT = iphoneos;
				SWIFT_COMPILATION_MODE = wholemodule;
				SWIFT_OPTIMIZATION_LEVEL = "-O";
				VALIDATE_PRODUCT = YES;
			};
			name = Release;
		};
		EA2C7B092BD15A7100025DF9 /* Debug */ = {
			isa = XCBuildConfiguration;
			buildSettings = {
				ASSETCATALOG_COMPILER_APPICON_NAME = AppIcon;
				ASSETCATALOG_COMPILER_GLOBAL_ACCENT_COLOR_NAME = AccentColor;
				CODE_SIGN_STYLE = Automatic;
				CURRENT_PROJECT_VERSION = 1;
				DEVELOPMENT_ASSET_PATHS = "\"RegistroUsuario/Preview Content\"";
				DEVELOPMENT_TEAM = Z92KT3UM55;
				ENABLE_PREVIEWS = YES;
				GENERATE_INFOPLIST_FILE = YES;
				INFOPLIST_KEY_UIApplicationSceneManifest_Generation = YES;
				INFOPLIST_KEY_UIApplicationSupportsIndirectInputEvents = YES;
				INFOPLIST_KEY_UILaunchScreen_Generation = YES;
				INFOPLIST_KEY_UISupportedInterfaceOrientations_iPad = "UIInterfaceOrientationPortrait UIInterfaceOrientationPortraitUpsideDown UIInterfaceOrientationLandscapeLeft UIInterfaceOrientationLandscapeRight";
				INFOPLIST_KEY_UISupportedInterfaceOrientations_iPhone = "UIInterfaceOrientationPortrait UIInterfaceOrientationLandscapeLeft UIInterfaceOrientationLandscapeRight";
				LD_RUNPATH_SEARCH_PATHS = (
					"$(inherited)",
					"@executable_path/Frameworks",
				);
				MARKETING_VERSION = 1.0;
				PRODUCT_BUNDLE_IDENTIFIER = primero.RegistroUsuario;
				PRODUCT_NAME = "$(TARGET_NAME)";
				SWIFT_EMIT_LOC_STRINGS = YES;
				SWIFT_VERSION = 5.0;
				TARGETED_DEVICE_FAMILY = "1,2";
			};
			name = Debug;
		};
		EA2C7B0A2BD15A7100025DF9 /* Release */ = {
			isa = XCBuildConfiguration;
			buildSettings = {
				ASSETCATALOG_COMPILER_APPICON_NAME = AppIcon;
				ASSETCATALOG_COMPILER_GLOBAL_ACCENT_COLOR_NAME = AccentColor;
				CODE_SIGN_STYLE = Automatic;
				CURRENT_PROJECT_VERSION = 1;
				DEVELOPMENT_ASSET_PATHS = "\"RegistroUsuario/Preview Content\"";
				DEVELOPMENT_TEAM = Z92KT3UM55;
				ENABLE_PREVIEWS = YES;
				GENERATE_INFOPLIST_FILE = YES;
				INFOPLIST_KEY_UIApplicationSceneManifest_Generation = YES;
				INFOPLIST_KEY_UIApplicationSupportsIndirectInputEvents = YES;
				INFOPLIST_KEY_UILaunchScreen_Generation = YES;
				INFOPLIST_KEY_UISupportedInterfaceOrientations_iPad = "UIInterfaceOrientationPortrait UIInterfaceOrientationPortraitUpsideDown UIInterfaceOrientationLandscapeLeft UIInterfaceOrientationLandscapeRight";
				INFOPLIST_KEY_UISupportedInterfaceOrientations_iPhone = "UIInterfaceOrientationPortrait UIInterfaceOrientationLandscapeLeft UIInterfaceOrientationLandscapeRight";
				LD_RUNPATH_SEARCH_PATHS = (
					"$(inherited)",
					"@executable_path/Frameworks",
				);
				MARKETING_VERSION = 1.0;
				PRODUCT_BUNDLE_IDENTIFIER = primero.RegistroUsuario;
				PRODUCT_NAME = "$(TARGET_NAME)";
				SWIFT_EMIT_LOC_STRINGS = YES;
				SWIFT_VERSION = 5.0;
				TARGETED_DEVICE_FAMILY = "1,2";
			};
			name = Release;
		};
		EA2C7B0C2BD15A7100025DF9 /* Debug */ = {
			isa = XCBuildConfiguration;
			buildSettings = {
				ALWAYS_EMBED_SWIFT_STANDARD_LIBRARIES = YES;
				BUNDLE_LOADER = "$(TEST_HOST)";
				CODE_SIGN_STYLE = Automatic;
				CURRENT_PROJECT_VERSION = 1;
				DEVELOPMENT_TEAM = Z92KT3UM55;
				GENERATE_INFOPLIST_FILE = YES;
				IPHONEOS_DEPLOYMENT_TARGET = 15.5;
				MARKETING_VERSION = 1.0;
				PRODUCT_BUNDLE_IDENTIFIER = primero.RegistroUsuarioTests;
				PRODUCT_NAME = "$(TARGET_NAME)";
				SWIFT_EMIT_LOC_STRINGS = NO;
				SWIFT_VERSION = 5.0;
				TARGETED_DEVICE_FAMILY = "1,2";
				TEST_HOST = "$(BUILT_PRODUCTS_DIR)/RegistroUsuario.app/RegistroUsuario";
			};
			name = Debug;
		};
		EA2C7B0D2BD15A7100025DF9 /* Release */ = {
			isa = XCBuildConfiguration;
			buildSettings = {
				ALWAYS_EMBED_SWIFT_STANDARD_LIBRARIES = YES;
				BUNDLE_LOADER = "$(TEST_HOST)";
				CODE_SIGN_STYLE = Automatic;
				CURRENT_PROJECT_VERSION = 1;
				DEVELOPMENT_TEAM = Z92KT3UM55;
				GENERATE_INFOPLIST_FILE = YES;
				IPHONEOS_DEPLOYMENT_TARGET = 15.5;
				MARKETING_VERSION = 1.0;
				PRODUCT_BUNDLE_IDENTIFIER = primero.RegistroUsuarioTests;
				PRODUCT_NAME = "$(TARGET_NAME)";
				SWIFT_EMIT_LOC_STRINGS = NO;
				SWIFT_VERSION = 5.0;
				TARGETED_DEVICE_FAMILY = "1,2";
				TEST_HOST = "$(BUILT_PRODUCTS_DIR)/RegistroUsuario.app/RegistroUsuario";
			};
			name = Release;
		};
		EA2C7B0F2BD15A7100025DF9 /* Debug */ = {
			isa = XCBuildConfiguration;
			buildSettings = {
				ALWAYS_EMBED_SWIFT_STANDARD_LIBRARIES = YES;
				CODE_SIGN_STYLE = Automatic;
				CURRENT_PROJECT_VERSION = 1;
				DEVELOPMENT_TEAM = Z92KT3UM55;
				GENERATE_INFOPLIST_FILE = YES;
				MARKETING_VERSION = 1.0;
				PRODUCT_BUNDLE_IDENTIFIER = primero.RegistroUsuarioUITests;
				PRODUCT_NAME = "$(TARGET_NAME)";
				SWIFT_EMIT_LOC_STRINGS = NO;
				SWIFT_VERSION = 5.0;
				TARGETED_DEVICE_FAMILY = "1,2";
				TEST_TARGET_NAME = RegistroUsuario;
			};
			name = Debug;
		};
		EA2C7B102BD15A7100025DF9 /* Release */ = {
			isa = XCBuildConfiguration;
			buildSettings = {
				ALWAYS_EMBED_SWIFT_STANDARD_LIBRARIES = YES;
				CODE_SIGN_STYLE = Automatic;
				CURRENT_PROJECT_VERSION = 1;
				DEVELOPMENT_TEAM = Z92KT3UM55;
				GENERATE_INFOPLIST_FILE = YES;
				MARKETING_VERSION = 1.0;
				PRODUCT_BUNDLE_IDENTIFIER = primero.RegistroUsuarioUITests;
				PRODUCT_NAME = "$(TARGET_NAME)";
				SWIFT_EMIT_LOC_STRINGS = NO;
				SWIFT_VERSION = 5.0;
				TARGETED_DEVICE_FAMILY = "1,2";
				TEST_TARGET_NAME = RegistroUsuario;
			};
			name = Release;
		};
/* End XCBuildConfiguration section */

/* Begin XCConfigurationList section */
		EA2C7ADF2BD15A6B00025DF9 /* Build configuration list for PBXProject "RegistroUsuario" */ = {
			isa = XCConfigurationList;
			buildConfigurations = (
				EA2C7B062BD15A7100025DF9 /* Debug */,
				EA2C7B072BD15A7100025DF9 /* Release */,
			);
			defaultConfigurationIsVisible = 0;
			defaultConfigurationName = Release;
		};
		EA2C7B082BD15A7100025DF9 /* Build configuration list for PBXNativeTarget "RegistroUsuario" */ = {
			isa = XCConfigurationList;
			buildConfigurations = (
				EA2C7B092BD15A7100025DF9 /* Debug */,
				EA2C7B0A2BD15A7100025DF9 /* Release */,
			);
			defaultConfigurationIsVisible = 0;
			defaultConfigurationName = Release;
		};
		EA2C7B0B2BD15A7100025DF9 /* Build configuration list for PBXNativeTarget "RegistroUsuarioTests" */ = {
			isa = XCConfigurationList;
			buildConfigurations = (
				EA2C7B0C2BD15A7100025DF9 /* Debug */,
				EA2C7B0D2BD15A7100025DF9 /* Release */,
			);
			defaultConfigurationIsVisible = 0;
			defaultConfigurationName = Release;
		};
		EA2C7B0E2BD15A7100025DF9 /* Build configuration list for PBXNativeTarget "RegistroUsuarioUITests" */ = {
			isa = XCConfigurationList;
			buildConfigurations = (
				EA2C7B0F2BD15A7100025DF9 /* Debug */,
				EA2C7B102BD15A7100025DF9 /* Release */,
			);
			defaultConfigurationIsVisible = 0;
			defaultConfigurationName = Release;
		};
/* End XCConfigurationList section */
	};
	rootObject = EA2C7ADC2BD15A6B00025DF9 /* Project object */;
}
